
Microsoft Visual Studio Solution File, Format Version 12.00
# Visual Studio 2012
Project("{FAE04EC0-301F-11D3-BF4B-00C04F79EFBC}") = "SupermarketOpenAccess.Models", "SupermarketOpenAccess.Models\SupermarketOpenAccess.Models.csproj", "{C50145E6-A244-4F1F-B41F-90D1925B4A00}"
EndProject
Project("{FAE04EC0-301F-11D3-BF4B-00C04F79EFBC}") = "Supermarket.Client", "Supermarket.Client\Supermarket.Client.csproj", "{8D29CFDE-EF12-41CD-A0D5-8E9AAB9E5CB8}"
EndProject
Project("{FAE04EC0-301F-11D3-BF4B-00C04F79EFBC}") = "Supermarket-EF.Data", "Supermarket-EF.Data\Supermarket-EF.Data.csproj", "{A3E83A90-8EAF-432B-A30A-13F98270325F}"
EndProject
Global
	GlobalSection(SolutionConfigurationPlatforms) = preSolution
		Debug|Any CPU = Debug|Any CPU
		Release|Any CPU = Release|Any CPU
	EndGlobalSection
	GlobalSection(ProjectConfigurationPlatforms) = postSolution
		{C50145E6-A244-4F1F-B41F-90D1925B4A00}.Debug|Any CPU.ActiveCfg = Debug|Any CPU
		{C50145E6-A244-4F1F-B41F-90D1925B4A00}.Debug|Any CPU.Build.0 = Debug|Any CPU
		{C50145E6-A244-4F1F-B41F-90D1925B4A00}.Release|Any CPU.ActiveCfg = Release|Any CPU
		{C50145E6-A244-4F1F-B41F-90D1925B4A00}.Release|Any CPU.Build.0 = Release|Any CPU
		{8D29CFDE-EF12-41CD-A0D5-8E9AAB9E5CB8}.Debug|Any CPU.ActiveCfg = Debug|Any CPU
		{8D29CFDE-EF12-41CD-A0D5-8E9AAB9E5CB8}.Debug|Any CPU.Build.0 = Debug|Any CPU
		{8D29CFDE-EF12-41CD-A0D5-8E9AAB9E5CB8}.Release|Any CPU.ActiveCfg = Release|Any CPU
		{8D29CFDE-EF12-41CD-A0D5-8E9AAB9E5CB8}.Release|Any CPU.Build.0 = Release|Any CPU
		{A3E83A90-8EAF-432B-A30A-13F98270325F}.Debug|Any CPU.ActiveCfg = Debug|Any CPU
		{A3E83A90-8EAF-432B-A30A-13F98270325F}.Debug|Any CPU.Build.0 = Debug|Any CPU
		{A3E83A90-8EAF-432B-A30A-13F98270325F}.Release|Any CPU.ActiveCfg = Release|Any CPU
		{A3E83A90-8EAF-432B-A30A-13F98270325F}.Release|Any CPU.Build.0 = Release|Any CPU
	EndGlobalSection
	GlobalSection(SolutionProperties) = preSolution
		HideSolutionNode = FALSE
	EndGlobalSection
EndGlobal
